{
  "requires": true,
  "lockfileVersion": 1,
  "dependencies": {
    "openzeppelin-solidity": {
      "version": "2.1.3",
      "resolved": "http://registry.npm.taobao.org/openzeppelin-solidity/download/openzeppelin-solidity-2.1.3.tgz",
      "integrity": "sha1-NK6kDC0FZl8N1rwCHkhRbPJbHvY="
    },
    "undefined": {
      "version": "0.1.0",
      "resolved": "http://registry.npm.taobao.org/undefined/download/undefined-0.1.0.tgz",
      "integrity": "sha1-m3BqSzKtMMIMpP5l3cu72sMr3tA="
    }
  }
}
